
Microsoft Visual Studio Solution File, Format Version 12.00
# Visual Studio Version 17
VisualStudioVersion = 17.9.34728.123
MinimumVisualStudioVersion = 10.0.40219.1
Project("{FAE04EC0-301F-11D3-BF4B-00C04F79EFBC}") = "ServerChitChat", "ServerChitChat.csproj", "{FBD9BCEA-F93C-4E34-947E-F786E9BC412E}"
EndProject
Project("{FAE04EC0-301F-11D3-BF4B-00C04F79EFBC}") = "ChatClient", "..\ChatClient\ChatClient.csproj", "{03BB147F-3F35-45A9-A2EB-35127FD9EC91}"
EndProject
Project("{2150E333-8FDC-42A3-9474-1A3956D46DE8}") = "Solution Items", "Solution Items", "{94354539-463C-489B-9393-8B5C4DD22F27}"
	ProjectSection(SolutionItems) = preProject
		..\README.md = ..\README.md
	EndProjectSection
EndProject
Global
	GlobalSection(SolutionConfigurationPlatforms) = preSolution
		Debug|Any CPU = Debug|Any CPU
		Release|Any CPU = Release|Any CPU
	EndGlobalSection
	GlobalSection(ProjectConfigurationPlatforms) = postSolution
		{FBD9BCEA-F93C-4E34-947E-F786E9BC412E}.Debug|Any CPU.ActiveCfg = Debug|Any CPU
		{FBD9BCEA-F93C-4E34-947E-F786E9BC412E}.Debug|Any CPU.Build.0 = Debug|Any CPU
		{FBD9BCEA-F93C-4E34-947E-F786E9BC412E}.Release|Any CPU.ActiveCfg = Release|Any CPU
		{FBD9BCEA-F93C-4E34-947E-F786E9BC412E}.Release|Any CPU.Build.0 = Release|Any CPU
		{03BB147F-3F35-45A9-A2EB-35127FD9EC91}.Debug|Any CPU.ActiveCfg = Debug|Any CPU
		{03BB147F-3F35-45A9-A2EB-35127FD9EC91}.Debug|Any CPU.Build.0 = Debug|Any CPU
		{03BB147F-3F35-45A9-A2EB-35127FD9EC91}.Release|Any CPU.ActiveCfg = Release|Any CPU
		{03BB147F-3F35-45A9-A2EB-35127FD9EC91}.Release|Any CPU.Build.0 = Release|Any CPU
	EndGlobalSection
	GlobalSection(SolutionProperties) = preSolution
		HideSolutionNode = FALSE
	EndGlobalSection
	GlobalSection(ExtensibilityGlobals) = postSolution
		SolutionGuid = {A7B3E48A-D9CA-4FFE-82F9-A1CC27289017}
	EndGlobalSection
EndGlobal
